<?xml version="1.0" encoding="utf-8"?>
<Project ToolsVersion="4.0" xmlns="http://schemas.microsoft.com/developer/msbuild/2003">
  <ItemGroup>
    <Filter Include="源文件">
      <UniqueIdentifier>{4FC737F1-C7A5-4376-A066-2A32D752A2FF}</UniqueIdentifier>
      <Extensions>cpp;c;cc;cxx;def;odl;idl;hpj;bat;asm;asmx</Extensions>
    </Filter>
    <Filter Include="头文件">
      <UniqueIdentifier>{93995380-89BD-4b04-88EB-625FBE52EBFB}</UniqueIdentifier>
      <Extensions>h;hh;hpp;hxx;hm;inl;inc;xsd</Extensions>
    </Filter>
    <Filter Include="Global">
      <UniqueIdentifier>{b19c804f-7efe-497f-a0f1-b6fbc293791f}</UniqueIdentifier>
    </Filter>
    <Filter Include="HPSocket">
      <UniqueIdentifier>{fb7d8f16-4508-453c-b514-61ed93093b61}</UniqueIdentifier>
    </Filter>
    <Filter Include="Common">
      <UniqueIdentifier>{aecc3a83-2499-42c6-89c6-627238017875}</UniqueIdentifier>
    </Filter>
    <Filter Include="NtpProtocol">
      <UniqueIdentifier>{ae170dac-20b2-44cf-8338-b343b5143458}</UniqueIdentifier>
    </Filter>
    <Filter Include="源文件\资源文件">
      <UniqueIdentifier>{67DA6AB6-F800-4c08-8B7A-83BB121AAD01}</UniqueIdentifier>
      <Extensions>rc;ico;cur;bmp;dlg;rc2;rct;bin;rgs;gif;jpg;jpeg;jpe;resx;tiff;tif;png;wav;mfcribbon-ms</Extensions>
    </Filter>
  </ItemGroup>
  <ItemGroup>
    <Text Include="ReadMe.txt" />
  </ItemGroup>
  <ItemGroup>
    <ClInclude Include="NtpServer.h">
      <Filter>头文件</Filter>
    </ClInclude>
    <ClInclude Include="NtpServerDlg.h">
      <Filter>头文件</Filter>
    </ClInclude>
    <ClInclude Include="DlgProxy.h">
      <Filter>头文件</Filter>
    </ClInclude>
    <ClInclude Include="stdafx.h">
      <Filter>头文件</Filter>
    </ClInclude>
    <ClInclude Include="targetver.h">
      <Filter>头文件</Filter>
    </ClInclude>
    <ClInclude Include="Resource.h">
      <Filter>头文件</Filter>
    </ClInclude>
    <ClInclude Include="..\Global\helper.h">
      <Filter>Global</Filter>
    </ClInclude>
    <ClInclude Include="..\HPSocketSrc\HPSocket.h">
      <Filter>HPSocket</Filter>
    </ClInclude>
    <ClInclude Include="..\HPSocketSrc\HPSocket4C.h">
      <Filter>HPSocket</Filter>
    </ClInclude>
    <ClInclude Include="..\HPSocketSrc\HPSocket4C-SSL.h">
      <Filter>HPSocket</Filter>
    </ClInclude>
    <ClInclude Include="..\HPSocketSrc\HPSocket-SSL.h">
      <Filter>HPSocket</Filter>
    </ClInclude>
    <ClInclude Include="..\HPSocketSrc\HPTypeDef.h">
      <Filter>HPSocket</Filter>
    </ClInclude>
    <ClInclude Include="..\HPSocketSrc\HttpAgent.h">
      <Filter>HPSocket</Filter>
    </ClInclude>
    <ClInclude Include="..\HPSocketSrc\HttpClient.h">
      <Filter>HPSocket</Filter>
    </ClInclude>
    <ClInclude Include="..\HPSocketSrc\HttpCookie.h">
      <Filter>HPSocket</Filter>
    </ClInclude>
    <ClInclude Include="..\HPSocketSrc\HttpHelper.h">
      <Filter>HPSocket</Filter>
    </ClInclude>
    <ClInclude Include="..\HPSocketSrc\HttpServer.h">
      <Filter>HPSocket</Filter>
    </ClInclude>
    <ClInclude Include="..\HPSocketSrc\MiscHelper.h">
      <Filter>HPSocket</Filter>
    </ClInclude>
    <ClInclude Include="..\HPSocketSrc\SocketHelper.h">
      <Filter>HPSocket</Filter>
    </ClInclude>
    <ClInclude Include="..\HPSocketSrc\SocketInterface.h">
      <Filter>HPSocket</Filter>
    </ClInclude>
    <ClInclude Include="..\HPSocketSrc\SocketObject4C.h">
      <Filter>HPSocket</Filter>
    </ClInclude>
    <ClInclude Include="..\HPSocketSrc\SSLAgent.h">
      <Filter>HPSocket</Filter>
    </ClInclude>
    <ClInclude Include="..\HPSocketSrc\SSLClient.h">
      <Filter>HPSocket</Filter>
    </ClInclude>
    <ClInclude Include="..\HPSocketSrc\SSLHelper.h">
      <Filter>HPSocket</Filter>
    </ClInclude>
    <ClInclude Include="..\HPSocketSrc\SSLServer.h">
      <Filter>HPSocket</Filter>
    </ClInclude>
    <ClInclude Include="..\HPSocketSrc\TcpAgent.h">
      <Filter>HPSocket</Filter>
    </ClInclude>
    <ClInclude Include="..\HPSocketSrc\TcpClient.h">
      <Filter>HPSocket</Filter>
    </ClInclude>
    <ClInclude Include="..\HPSocketSrc\TcpPackAgent.h">
      <Filter>HPSocket</Filter>
    </ClInclude>
    <ClInclude Include="..\HPSocketSrc\TcpPackClient.h">
      <Filter>HPSocket</Filter>
    </ClInclude>
    <ClInclude Include="..\HPSocketSrc\TcpPackServer.h">
      <Filter>HPSocket</Filter>
    </ClInclude>
    <ClInclude Include="..\HPSocketSrc\TcpPullAgent.h">
      <Filter>HPSocket</Filter>
    </ClInclude>
    <ClInclude Include="..\HPSocketSrc\TcpPullClient.h">
      <Filter>HPSocket</Filter>
    </ClInclude>
    <ClInclude Include="..\HPSocketSrc\TcpPullServer.h">
      <Filter>HPSocket</Filter>
    </ClInclude>
    <ClInclude Include="..\HPSocketSrc\TcpServer.h">
      <Filter>HPSocket</Filter>
    </ClInclude>
    <ClInclude Include="..\HPSocketSrc\UdpCast.h">
      <Filter>HPSocket</Filter>
    </ClInclude>
    <ClInclude Include="..\HPSocketSrc\UdpClient.h">
      <Filter>HPSocket</Filter>
    </ClInclude>
    <ClInclude Include="..\HPSocketSrc\UdpServer.h">
      <Filter>HPSocket</Filter>
    </ClInclude>
    <ClInclude Include="..\Common\Src\GeneralHelper.h">
      <Filter>Common</Filter>
    </ClInclude>
    <ClInclude Include="..\Common\Src\BufferPool.h">
      <Filter>Common</Filter>
    </ClInclude>
    <ClInclude Include="..\Common\Src\BufferPtr.h">
      <Filter>Common</Filter>
    </ClInclude>
    <ClInclude Include="..\Common\Src\CriticalSection.h">
      <Filter>Common</Filter>
    </ClInclude>
    <ClInclude Include="..\Common\Src\Event.h">
      <Filter>Common</Filter>
    </ClInclude>
    <ClInclude Include="..\Common\Src\FuncHelper.h">
      <Filter>Common</Filter>
    </ClInclude>
    <ClInclude Include="..\Common\Src\PrivateHeap.h">
      <Filter>Common</Filter>
    </ClInclude>
    <ClInclude Include="..\Common\Src\RingBuffer.h">
      <Filter>Common</Filter>
    </ClInclude>
    <ClInclude Include="..\Common\Src\RWLock.h">
      <Filter>Common</Filter>
    </ClInclude>
    <ClInclude Include="..\Common\Src\SE.h">
      <Filter>Common</Filter>
    </ClInclude>
    <ClInclude Include="..\Common\Src\Semaphore.h">
      <Filter>Common</Filter>
    </ClInclude>
    <ClInclude Include="..\Common\Src\Singleton.h">
      <Filter>Common</Filter>
    </ClInclude>
    <ClInclude Include="..\Common\Src\STLHelper.h">
      <Filter>Common</Filter>
    </ClInclude>
    <ClInclude Include="..\Common\Src\SysHelper.h">
      <Filter>Common</Filter>
    </ClInclude>
    <ClInclude Include="..\Common\Src\Thread.h">
      <Filter>Common</Filter>
    </ClInclude>
    <ClInclude Include="..\Common\Src\WaitFor.h">
      <Filter>Common</Filter>
    </ClInclude>
    <ClInclude Include="..\Common\Src\Win32Helper.h">
      <Filter>Common</Filter>
    </ClInclude>
    <ClInclude Include="GpsClient.h">
      <Filter>头文件</Filter>
    </ClInclude>
    <ClInclude Include="NtpProtocl.h">
      <Filter>头文件</Filter>
    </ClInclude>
    <ClInclude Include="Nema0183Protocl.h">
      <Filter>头文件</Filter>
    </ClInclude>
  </ItemGroup>
  <ItemGroup>
    <ClCompile Include="NtpServer.cpp">
      <Filter>源文件</Filter>
    </ClCompile>
    <ClCompile Include="NtpServerDlg.cpp">
      <Filter>源文件</Filter>
    </ClCompile>
    <ClCompile Include="DlgProxy.cpp">
      <Filter>源文件</Filter>
    </ClCompile>
    <ClCompile Include="stdafx.cpp">
      <Filter>源文件</Filter>
    </ClCompile>
    <ClCompile Include="..\Global\helper.cpp">
      <Filter>Global</Filter>
    </ClCompile>
    <ClCompile Include="..\HPSocketSrc\SocketHelper.cpp">
      <Filter>HPSocket</Filter>
    </ClCompile>
    <ClCompile Include="..\HPSocketSrc\UdpCast.cpp">
      <Filter>HPSocket</Filter>
    </ClCompile>
    <ClCompile Include="..\HPSocketSrc\UdpClient.cpp">
      <Filter>HPSocket</Filter>
    </ClCompile>
    <ClCompile Include="..\HPSocketSrc\UdpServer.cpp">
      <Filter>HPSocket</Filter>
    </ClCompile>
    <ClCompile Include="..\Common\Src\BufferPool.cpp">
      <Filter>Common</Filter>
    </ClCompile>
    <ClCompile Include="..\Common\Src\BufferPtr.cpp">
      <Filter>Common</Filter>
    </ClCompile>
    <ClCompile Include="..\Common\Src\CriticalSection.cpp">
      <Filter>Common</Filter>
    </ClCompile>
    <ClCompile Include="..\Common\Src\Event.cpp">
      <Filter>Common</Filter>
    </ClCompile>
    <ClCompile Include="..\Common\Src\FuncHelper.cpp">
      <Filter>Common</Filter>
    </ClCompile>
    <ClCompile Include="..\Common\Src\GeneralHelper.cpp">
      <Filter>Common</Filter>
    </ClCompile>
    <ClCompile Include="..\Common\Src\PrivateHeap.cpp">
      <Filter>Common</Filter>
    </ClCompile>
    <ClCompile Include="..\Common\Src\RingBuffer.cpp">
      <Filter>Common</Filter>
    </ClCompile>
    <ClCompile Include="..\Common\Src\RWLock.cpp">
      <Filter>Common</Filter>
    </ClCompile>
    <ClCompile Include="..\Common\Src\Semaphore.cpp">
      <Filter>Common</Filter>
    </ClCompile>
    <ClCompile Include="..\Common\Src\SysHelper.cpp">
      <Filter>Common</Filter>
    </ClCompile>
    <ClCompile Include="..\Common\Src\Thread.cpp">
      <Filter>Common</Filter>
    </ClCompile>
    <ClCompile Include="..\Common\Src\WaitFor.cpp">
      <Filter>Common</Filter>
    </ClCompile>
    <ClCompile Include="..\HPSocketSrc\TcpClient.cpp">
      <Filter>HPSocket</Filter>
    </ClCompile>
    <ClCompile Include="GpsClient.cpp">
      <Filter>源文件</Filter>
    </ClCompile>
    <ClCompile Include="NtpProtocl.cpp">
      <Filter>源文件</Filter>
    </ClCompile>
    <ClCompile Include="Nema0183Protocl.cpp">
      <Filter>源文件</Filter>
    </ClCompile>
  </ItemGroup>
  <ItemGroup>
    <Midl Include="NtpServer.idl">
      <Filter>源文件</Filter>
    </Midl>
  </ItemGroup>
  <ItemGroup>
    <None Include="NtpServer.reg" />
    <None Include="res\NtpServer.rc2">
      <Filter>源文件\资源文件</Filter>
    </None>
  </ItemGroup>
  <ItemGroup>
    <ResourceCompile Include="NtpServer.rc">
      <Filter>源文件\资源文件</Filter>
    </ResourceCompile>
  </ItemGroup>
  <ItemGroup>
    <Image Include="res\NtpServer.ico">
      <Filter>源文件\资源文件</Filter>
    </Image>
  </ItemGroup>
</Project>